
Microsoft Visual Studio Solution File, Format Version 12.00
# Visual Studio Version 17
VisualStudioVersion = 17.2.32630.192
MinimumVisualStudioVersion = 10.0.40219.1
Project("{888888A0-9F3D-457C-B088-3A5042F75D52}") = "Ais Decoder", "Ais Decoder\Ais Decoder.pyproj", "{474C35D4-EEA9-485F-901F-27C3F5755276}"
EndProject
Global
	GlobalSection(SolutionConfigurationPlatforms) = preSolution
		Debug|Any CPU = Debug|Any CPU
		Release|Any CPU = Release|Any CPU
	EndGlobalSection
	GlobalSection(ProjectConfigurationPlatforms) = postSolution
		{474C35D4-EEA9-485F-901F-27C3F5755276}.Debug|Any CPU.ActiveCfg = Debug|Any CPU
		{474C35D4-EEA9-485F-901F-27C3F5755276}.Release|Any CPU.ActiveCfg = Release|Any CPU
	EndGlobalSection
	GlobalSection(SolutionProperties) = preSolution
		HideSolutionNode = FALSE
	EndGlobalSection
	GlobalSection(ExtensibilityGlobals) = postSolution
		SolutionGuid = {8297115D-9CFD-4FAD-884E-4843CB8CD2C2}
	EndGlobalSection
EndGlobal
